// !$*UTF8*$!
{
	archiveVersion = 1;
	classes = {
	};
	objectVersion = 55;
	objects = {

/* Begin PBXBuildFile section */
		E40D47242739463400020D3D /* AppDelegate.swift in Sources */ = {isa = PBXBuildFile; fileRef = E40D47232739463400020D3D /* AppDelegate.swift */; };
		E40D47262739463400020D3D /* SceneDelegate.swift in Sources */ = {isa = PBXBuildFile; fileRef = E40D47252739463400020D3D /* SceneDelegate.swift */; };
		E40D472B2739463400020D3D /* Main.storyboard in Resources */ = {isa = PBXBuildFile; fileRef = E40D47292739463400020D3D /* Main.storyboard */; };
		E40D472D2739463500020D3D /* Assets.xcassets in Resources */ = {isa = PBXBuildFile; fileRef = E40D472C2739463500020D3D /* Assets.xcassets */; };
		E40D47302739463500020D3D /* LaunchScreen.storyboard in Resources */ = {isa = PBXBuildFile; fileRef = E40D472E2739463500020D3D /* LaunchScreen.storyboard */; };
		E40D4739273946B600020D3D /* IQKeyboardManagerSwift in Frameworks */ = {isa = PBXBuildFile; productRef = E40D4738273946B600020D3D /* IQKeyboardManagerSwift */; };
		E40D473C2739471400020D3D /* Realm in Frameworks */ = {isa = PBXBuildFile; productRef = E40D473B2739471400020D3D /* Realm */; };
		E40D473E2739471400020D3D /* RealmSwift in Frameworks */ = {isa = PBXBuildFile; productRef = E40D473D2739471400020D3D /* RealmSwift */; };
		E40D47432739489100020D3D /* TakingNote.storyboard in Resources */ = {isa = PBXBuildFile; fileRef = E40D47422739489100020D3D /* TakingNote.storyboard */; };
		E40D4745273948D700020D3D /* NoteVC.swift in Sources */ = {isa = PBXBuildFile; fileRef = E40D4744273948D700020D3D /* NoteVC.swift */; };
		E40D47472739492C00020D3D /* MainVC.swift in Sources */ = {isa = PBXBuildFile; fileRef = E40D47462739492C00020D3D /* MainVC.swift */; };
		E40D474A27394D9300020D3D /* MainTableViewCell.swift in Sources */ = {isa = PBXBuildFile; fileRef = E40D474827394D9300020D3D /* MainTableViewCell.swift */; };
		E40D474B27394D9300020D3D /* MainTableViewCell.xib in Resources */ = {isa = PBXBuildFile; fileRef = E40D474927394D9300020D3D /* MainTableViewCell.xib */; };
		E40D474F27394FBB00020D3D /* MainVC+Table+Extension.swift in Sources */ = {isa = PBXBuildFile; fileRef = E40D474E27394FBB00020D3D /* MainVC+Table+Extension.swift */; };
		E40D4752273954F400020D3D /* MainTableViewSection.swift in Sources */ = {isa = PBXBuildFile; fileRef = E40D4751273954F400020D3D /* MainTableViewSection.swift */; };
		E40D47542739593C00020D3D /* MainVC+SearchBar+Extension.swift in Sources */ = {isa = PBXBuildFile; fileRef = E40D47532739593C00020D3D /* MainVC+SearchBar+Extension.swift */; };
		E4138447273ADD5A00816036 /* NoteTableViewCell.swift in Sources */ = {isa = PBXBuildFile; fileRef = E4138445273ADD5A00816036 /* NoteTableViewCell.swift */; };
		E4138448273ADD5A00816036 /* NoteTableViewCell.xib in Resources */ = {isa = PBXBuildFile; fileRef = E4138446273ADD5A00816036 /* NoteTableViewCell.xib */; };
		E413844A273ADDAB00816036 /* NoteVC+Table+Extension.swift in Sources */ = {isa = PBXBuildFile; fileRef = E4138449273ADDAB00816036 /* NoteVC+Table+Extension.swift */; };
		E4631189273AB9960038F06C /* Storage.swift in Sources */ = {isa = PBXBuildFile; fileRef = E4631188273AB9960038F06C /* Storage.swift */; };
		E463118D273AC88D0038F06C /* MainVC+FirstPage+Extension.swift in Sources */ = {isa = PBXBuildFile; fileRef = E463118C273AC88D0038F06C /* MainVC+FirstPage+Extension.swift */; };
		E4BFACA5273BED3000A78602 /* MainVC+RealmModel.swift in Sources */ = {isa = PBXBuildFile; fileRef = E4BFACA4273BED3000A78602 /* MainVC+RealmModel.swift */; };
		E4C722C7273987E900C12C70 /* Alert+Extension.swift in Sources */ = {isa = PBXBuildFile; fileRef = E4C722C6273987E900C12C70 /* Alert+Extension.swift */; };
		E4FA6EDF273AB4840011B3D1 /* Welcome.storyboard in Resources */ = {isa = PBXBuildFile; fileRef = E4FA6EDE273AB4840011B3D1 /* Welcome.storyboard */; };
		E4FA6EE1273AB7260011B3D1 /* WelcomeVC.swift in Sources */ = {isa = PBXBuildFile; fileRef = E4FA6EE0273AB7260011B3D1 /* WelcomeVC.swift */; };
/* End PBXBuildFile section */

/* Begin PBXFileReference section */
		E40D47202739463400020D3D /* Memo_Basic.app */ = {isa = PBXFileReference; explicitFileType = wrapper.application; includeInIndex = 0; path = Memo_Basic.app; sourceTree = BUILT_PRODUCTS_DIR; };
		E40D47232739463400020D3D /* AppDelegate.swift */ = {isa = PBXFileReference; lastKnownFileType = sourcecode.swift; path = AppDelegate.swift; sourceTree = "<group>"; };
		E40D47252739463400020D3D /* SceneDelegate.swift */ = {isa = PBXFileReference; lastKnownFileType = sourcecode.swift; path = SceneDelegate.swift; sourceTree = "<group>"; };
		E40D472A2739463400020D3D /* Base */ = {isa = PBXFileReference; lastKnownFileType = file.storyboard; name = Base; path = Base.lproj/Main.storyboard; sourceTree = "<group>"; };
		E40D472C2739463500020D3D /* Assets.xcassets */ = {isa = PBXFileReference; lastKnownFileType = folder.assetcatalog; path = Assets.xcassets; sourceTree = "<group>"; };
		E40D472F2739463500020D3D /* Base */ = {isa = PBXFileReference; lastKnownFileType = file.storyboard; name = Base; path = Base.lproj/LaunchScreen.storyboard; sourceTree = "<group>"; };
		E40D47312739463500020D3D /* Info.plist */ = {isa = PBXFileReference; lastKnownFileType = text.plist.xml; path = Info.plist; sourceTree = "<group>"; };
		E40D47422739489100020D3D /* TakingNote.storyboard */ = {isa = PBXFileReference; lastKnownFileType = file.storyboard; path = TakingNote.storyboard; sourceTree = "<group>"; };
		E40D4744273948D700020D3D /* NoteVC.swift */ = {isa = PBXFileReference; lastKnownFileType = sourcecode.swift; path = NoteVC.swift; sourceTree = "<group>"; };
		E40D47462739492C00020D3D /* MainVC.swift */ = {isa = PBXFileReference; lastKnownFileType = sourcecode.swift; path = MainVC.swift; sourceTree = "<group>"; };
		E40D474827394D9300020D3D /* MainTableViewCell.swift */ = {isa = PBXFileReference; lastKnownFileType = sourcecode.swift; path = MainTableViewCell.swift; sourceTree = "<group>"; };
		E40D474927394D9300020D3D /* MainTableViewCell.xib */ = {isa = PBXFileReference; lastKnownFileType = file.xib; path = MainTableViewCell.xib; sourceTree = "<group>"; };
		E40D474E27394FBB00020D3D /* MainVC+Table+Extension.swift */ = {isa = PBXFileReference; lastKnownFileType = sourcecode.swift; path = "MainVC+Table+Extension.swift"; sourceTree = "<group>"; };
		E40D4751273954F400020D3D /* MainTableViewSection.swift */ = {isa = PBXFileReference; lastKnownFileType = sourcecode.swift; path = MainTableViewSection.swift; sourceTree = "<group>"; };
		E40D47532739593C00020D3D /* MainVC+SearchBar+Extension.swift */ = {isa = PBXFileReference; lastKnownFileType = sourcecode.swift; path = "MainVC+SearchBar+Extension.swift"; sourceTree = "<group>"; };
		E4138445273ADD5A00816036 /* NoteTableViewCell.swift */ = {isa = PBXFileReference; lastKnownFileType = sourcecode.swift; path = NoteTableViewCell.swift; sourceTree = "<group>"; };
		E4138446273ADD5A00816036 /* NoteTableViewCell.xib */ = {isa = PBXFileReference; lastKnownFileType = file.xib; path = NoteTableViewCell.xib; sourceTree = "<group>"; };
		E4138449273ADDAB00816036 /* NoteVC+Table+Extension.swift */ = {isa = PBXFileReference; lastKnownFileType = sourcecode.swift; path = "NoteVC+Table+Extension.swift"; sourceTree = "<group>"; };
		E4631188273AB9960038F06C /* Storage.swift */ = {isa = PBXFileReference; lastKnownFileType = sourcecode.swift; path = Storage.swift; sourceTree = "<group>"; };
		E463118C273AC88D0038F06C /* MainVC+FirstPage+Extension.swift */ = {isa = PBXFileReference; lastKnownFileType = sourcecode.swift; path = "MainVC+FirstPage+Extension.swift"; sourceTree = "<group>"; };
		E4BFACA4273BED3000A78602 /* MainVC+RealmModel.swift */ = {isa = PBXFileReference; lastKnownFileType = sourcecode.swift; path = "MainVC+RealmModel.swift"; sourceTree = "<group>"; };
		E4C722C6273987E900C12C70 /* Alert+Extension.swift */ = {isa = PBXFileReference; lastKnownFileType = sourcecode.swift; path = "Alert+Extension.swift"; sourceTree = "<group>"; };
		E4FA6EDE273AB4840011B3D1 /* Welcome.storyboard */ = {isa = PBXFileReference; lastKnownFileType = file.storyboard; path = Welcome.storyboard; sourceTree = "<group>"; };
		E4FA6EE0273AB7260011B3D1 /* WelcomeVC.swift */ = {isa = PBXFileReference; lastKnownFileType = sourcecode.swift; path = WelcomeVC.swift; sourceTree = "<group>"; };
/* End PBXFileReference section */

/* Begin PBXFrameworksBuildPhase section */
		E40D471D2739463400020D3D /* Frameworks */ = {
			isa = PBXFrameworksBuildPhase;
			buildActionMask = 2147483647;
			files = (
				E40D473E2739471400020D3D /* RealmSwift in Frameworks */,
				E40D473C2739471400020D3D /* Realm in Frameworks */,
				E40D4739273946B600020D3D /* IQKeyboardManagerSwift in Frameworks */,
			);
			runOnlyForDeploymentPostprocessing = 0;
		};
/* End PBXFrameworksBuildPhase section */

/* Begin PBXGroup section */
		E40D47172739463400020D3D = {
			isa = PBXGroup;
			children = (
				E40D47222739463400020D3D /* Memo_Basic */,
				E40D47212739463400020D3D /* Products */,
			);
			sourceTree = "<group>";
		};
		E40D47212739463400020D3D /* Products */ = {
			isa = PBXGroup;
			children = (
				E40D47202739463400020D3D /* Memo_Basic.app */,
			);
			name = Products;
			sourceTree = "<group>";
		};
		E40D47222739463400020D3D /* Memo_Basic */ = {
			isa = PBXGroup;
			children = (
				E40D4750273954DD00020D3D /* Model */,
				E40D473F2739475100020D3D /* Storyboard */,
				E40D47402739476200020D3D /* VC */,
				E40D47412739477200020D3D /* Extension */,
				E40D474C27394D9D00020D3D /* Cell */,
				E40D474D27394DBA00020D3D /* xib */,
				E40D472C2739463500020D3D /* Assets.xcassets */,
				E40D47312739463500020D3D /* Info.plist */,
				E40D472E2739463500020D3D /* LaunchScreen.storyboard */,
				E40D47252739463400020D3D /* SceneDelegate.swift */,
				E40D47232739463400020D3D /* AppDelegate.swift */,
			);
			path = Memo_Basic;
			sourceTree = "<group>";
		};
		E40D473F2739475100020D3D /* Storyboard */ = {
			isa = PBXGroup;
			children = (
				E4FA6EDE273AB4840011B3D1 /* Welcome.storyboard */,
				E40D47292739463400020D3D /* Main.storyboard */,
				E40D47422739489100020D3D /* TakingNote.storyboard */,
			);
			path = Storyboard;
			sourceTree = "<group>";
		};
		E40D47402739476200020D3D /* VC */ = {
			isa = PBXGroup;
			children = (
				E4FA6EE0273AB7260011B3D1 /* WelcomeVC.swift */,
				E40D47462739492C00020D3D /* MainVC.swift */,
				E40D4744273948D700020D3D /* NoteVC.swift */,
			);
			path = VC;
			sourceTree = "<group>";
		};
		E40D47412739477200020D3D /* Extension */ = {
			isa = PBXGroup;
			children = (
				E4C722C6273987E900C12C70 /* Alert+Extension.swift */,
				E463118C273AC88D0038F06C /* MainVC+FirstPage+Extension.swift */,
				E40D474E27394FBB00020D3D /* MainVC+Table+Extension.swift */,
				E40D47532739593C00020D3D /* MainVC+SearchBar+Extension.swift */,
				E4138449273ADDAB00816036 /* NoteVC+Table+Extension.swift */,
			);
			path = Extension;
			sourceTree = "<group>";
		};
		E40D474C27394D9D00020D3D /* Cell */ = {
			isa = PBXGroup;
			children = (
				E40D474827394D9300020D3D /* MainTableViewCell.swift */,
				E4138445273ADD5A00816036 /* NoteTableViewCell.swift */,
			);
			path = Cell;
			sourceTree = "<group>";
		};
		E40D474D27394DBA00020D3D /* xib */ = {
			isa = PBXGroup;
			children = (
				E40D474927394D9300020D3D /* MainTableViewCell.xib */,
				E4138446273ADD5A00816036 /* NoteTableViewCell.xib */,
			);
			path = xib;
			sourceTree = "<group>";
		};
		E40D4750273954DD00020D3D /* Model */ = {
			isa = PBXGroup;
			children = (
				E40D4751273954F400020D3D /* MainTableViewSection.swift */,
				E4631188273AB9960038F06C /* Storage.swift */,
				E4BFACA4273BED3000A78602 /* MainVC+RealmModel.swift */,
			);
			path = Model;
			sourceTree = "<group>";
		};
/* End PBXGroup section */

/* Begin PBXNativeTarget section */
		E40D471F2739463400020D3D /* Memo_Basic */ = {
			isa = PBXNativeTarget;
			buildConfigurationList = E40D47342739463500020D3D /* Build configuration list for PBXNativeTarget "Memo_Basic" */;
			buildPhases = (
				E40D471C2739463400020D3D /* Sources */,
				E40D471D2739463400020D3D /* Frameworks */,
				E40D471E2739463400020D3D /* Resources */,
			);
			buildRules = (
			);
			dependencies = (
			);
			name = Memo_Basic;
			packageProductDependencies = (
				E40D4738273946B600020D3D /* IQKeyboardManagerSwift */,
				E40D473B2739471400020D3D /* Realm */,
				E40D473D2739471400020D3D /* RealmSwift */,
			);
			productName = Memo_Basic;
			productReference = E40D47202739463400020D3D /* Memo_Basic.app */;
			productType = "com.apple.product-type.application";
		};
/* End PBXNativeTarget section */

/* Begin PBXProject section */
		E40D47182739463400020D3D /* Project object */ = {
			isa = PBXProject;
			attributes = {
				BuildIndependentTargetsInParallel = 1;
				LastSwiftUpdateCheck = 1310;
				LastUpgradeCheck = 1310;
				TargetAttributes = {
					E40D471F2739463400020D3D = {
						CreatedOnToolsVersion = 13.1;
					};
				};
			};
			buildConfigurationList = E40D471B2739463400020D3D /* Build configuration list for PBXProject "Memo_Basic" */;
			compatibilityVersion = "Xcode 13.0";
			developmentRegion = en;
			hasScannedForEncodings = 0;
			knownRegions = (
				en,
				Base,
			);
			mainGroup = E40D47172739463400020D3D;
			packageReferences = (
				E40D4737273946B600020D3D /* XCRemoteSwiftPackageReference "IQKeyboardManager" */,
				E40D473A2739471400020D3D /* XCRemoteSwiftPackageReference "realm-cocoa" */,
			);
			productRefGroup = E40D47212739463400020D3D /* Products */;
			projectDirPath = "";
			projectRoot = "";
			targets = (
				E40D471F2739463400020D3D /* Memo_Basic */,
			);
		};
/* End PBXProject section */

/* Begin PBXResourcesBuildPhase section */
		E40D471E2739463400020D3D /* Resources */ = {
			isa = PBXResourcesBuildPhase;
			buildActionMask = 2147483647;
			files = (
				E4138448273ADD5A00816036 /* NoteTableViewCell.xib in Resources */,
				E40D47432739489100020D3D /* TakingNote.storyboard in Resources */,
				E40D47302739463500020D3D /* LaunchScreen.storyboard in Resources */,
				E40D474B27394D9300020D3D /* MainTableViewCell.xib in Resources */,
				E40D472D2739463500020D3D /* Assets.xcassets in Resources */,
				E40D472B2739463400020D3D /* Main.storyboard in Resources */,
				E4FA6EDF273AB4840011B3D1 /* Welcome.storyboard in Resources */,
			);
			runOnlyForDeploymentPostprocessing = 0;
		};
/* End PBXResourcesBuildPhase section */

/* Begin PBXSourcesBuildPhase section */
		E40D471C2739463400020D3D /* Sources */ = {
			isa = PBXSourcesBuildPhase;
			buildActionMask = 2147483647;
			files = (
				E40D47242739463400020D3D /* AppDelegate.swift in Sources */,
				E4138447273ADD5A00816036 /* NoteTableViewCell.swift in Sources */,
				E463118D273AC88D0038F06C /* MainVC+FirstPage+Extension.swift in Sources */,
				E4FA6EE1273AB7260011B3D1 /* WelcomeVC.swift in Sources */,
				E40D4752273954F400020D3D /* MainTableViewSection.swift in Sources */,
				E4631189273AB9960038F06C /* Storage.swift in Sources */,
				E40D47472739492C00020D3D /* MainVC.swift in Sources */,
				E40D474A27394D9300020D3D /* MainTableViewCell.swift in Sources */,
				E40D4745273948D700020D3D /* NoteVC.swift in Sources */,
				E413844A273ADDAB00816036 /* NoteVC+Table+Extension.swift in Sources */,
				E40D474F27394FBB00020D3D /* MainVC+Table+Extension.swift in Sources */,
				E40D47542739593C00020D3D /* MainVC+SearchBar+Extension.swift in Sources */,
				E4BFACA5273BED3000A78602 /* MainVC+RealmModel.swift in Sources */,
				E4C722C7273987E900C12C70 /* Alert+Extension.swift in Sources */,
				E40D47262739463400020D3D /* SceneDelegate.swift in Sources */,
			);
			runOnlyForDeploymentPostprocessing = 0;
		};
/* End PBXSourcesBuildPhase section */

/* Begin PBXVariantGroup section */
		E40D47292739463400020D3D /* Main.storyboard */ = {
			isa = PBXVariantGroup;
			children = (
				E40D472A2739463400020D3D /* Base */,
			);
			name = Main.storyboard;
			sourceTree = "<group>";
		};
		E40D472E2739463500020D3D /* LaunchScreen.storyboard */ = {
			isa = PBXVariantGroup;
			children = (
				E40D472F2739463500020D3D /* Base */,
			);
			name = LaunchScreen.storyboard;
			sourceTree = "<group>";
		};
/* End PBXVariantGroup section */

/* Begin XCBuildConfiguration section */
		E40D47322739463500020D3D /* Debug */ = {
			isa = XCBuildConfiguration;
			buildSettings = {
				ALWAYS_SEARCH_USER_PATHS = NO;
				CLANG_ANALYZER_NONNULL = YES;
				CLANG_ANALYZER_NUMBER_OBJECT_CONVERSION = YES_AGGRESSIVE;
				CLANG_CXX_LANGUAGE_STANDARD = "gnu++17";
				CLANG_CXX_LIBRARY = "libc++";
				CLANG_ENABLE_MODULES = YES;
				CLANG_ENABLE_OBJC_ARC = YES;
				CLANG_ENABLE_OBJC_WEAK = YES;
				CLANG_WARN_BLOCK_CAPTURE_AUTORELEASING = YES;
				CLANG_WARN_BOOL_CONVERSION = YES;
				CLANG_WARN_COMMA = YES;
				CLANG_WARN_CONSTANT_CONVERSION = YES;
				CLANG_WARN_DEPRECATED_OBJC_IMPLEMENTATIONS = YES;
				CLANG_WARN_DIRECT_OBJC_ISA_USAGE = YES_ERROR;
				CLANG_WARN_DOCUMENTATION_COMMENTS = YES;
				CLANG_WARN_EMPTY_BODY = YES;
				CLANG_WARN_ENUM_CONVERSION = YES;
				CLANG_WARN_INFINITE_RECURSION = YES;
				CLANG_WARN_INT_CONVERSION = YES;
				CLANG_WARN_NON_LITERAL_NULL_CONVERSION = YES;
				CLANG_WARN_OBJC_IMPLICIT_RETAIN_SELF = YES;
				CLANG_WARN_OBJC_LITERAL_CONVERSION = YES;
				CLANG_WARN_OBJC_ROOT_CLASS = YES_ERROR;
				CLANG_WARN_QUOTED_INCLUDE_IN_FRAMEWORK_HEADER = YES;
				CLANG_WARN_RANGE_LOOP_ANALYSIS = YES;
				CLANG_WARN_STRICT_PROTOTYPES = YES;
				CLANG_WARN_SUSPICIOUS_MOVE = YES;
				CLANG_WARN_UNGUARDED_AVAILABILITY = YES_AGGRESSIVE;
				CLANG_WARN_UNREACHABLE_CODE = YES;
				CLANG_WARN__DUPLICATE_METHOD_MATCH = YES;
				COPY_PHASE_STRIP = NO;
				DEBUG_INFORMATION_FORMAT = dwarf;
				ENABLE_STRICT_OBJC_MSGSEND = YES;
				ENABLE_TESTABILITY = YES;
				GCC_C_LANGUAGE_STANDARD = gnu11;
				GCC_DYNAMIC_NO_PIC = NO;
				GCC_NO_COMMON_BLOCKS = YES;
				GCC_OPTIMIZATION_LEVEL = 0;
				GCC_PREPROCESSOR_DEFINITIONS = (
					"DEBUG=1",
					"$(inherited)",
				);
				GCC_WARN_64_TO_32_BIT_CONVERSION = YES;
				GCC_WARN_ABOUT_RETURN_TYPE = YES_ERROR;
				GCC_WARN_UNDECLARED_SELECTOR = YES;
				GCC_WARN_UNINITIALIZED_AUTOS = YES_AGGRESSIVE;
				GCC_WARN_UNUSED_FUNCTION = YES;
				GCC_WARN_UNUSED_VARIABLE = YES;
				IPHONEOS_DEPLOYMENT_TARGET = 13.0;
				MTL_ENABLE_DEBUG_INFO = INCLUDE_SOURCE;
				MTL_FAST_MATH = YES;
				ONLY_ACTIVE_ARCH = YES;
				SDKROOT = iphoneos;
				SWIFT_ACTIVE_COMPILATION_CONDITIONS = DEBUG;
				SWIFT_OPTIMIZATION_LEVEL = "-Onone";
			};
			name = Debug;
		};
		E40D47332739463500020D3D /* Release */ = {
			isa = XCBuildConfiguration;
			buildSettings = {
				ALWAYS_SEARCH_USER_PATHS = NO;
				CLANG_ANALYZER_NONNULL = YES;
				CLANG_ANALYZER_NUMBER_OBJECT_CONVERSION = YES_AGGRESSIVE;
				CLANG_CXX_LANGUAGE_STANDARD = "gnu++17";
				CLANG_CXX_LIBRARY = "libc++";
				CLANG_ENABLE_MODULES = YES;
				CLANG_ENABLE_OBJC_ARC = YES;
				CLANG_ENABLE_OBJC_WEAK = YES;
				CLANG_WARN_BLOCK_CAPTURE_AUTORELEASING = YES;
				CLANG_WARN_BOOL_CONVERSION = YES;
				CLANG_WARN_COMMA = YES;
				CLANG_WARN_CONSTANT_CONVERSION = YES;
				CLANG_WARN_DEPRECATED_OBJC_IMPLEMENTATIONS = YES;
				CLANG_WARN_DIRECT_OBJC_ISA_USAGE = YES_ERROR;
				CLANG_WARN_DOCUMENTATION_COMMENTS = YES;
				CLANG_WARN_EMPTY_BODY = YES;
				CLANG_WARN_ENUM_CONVERSION = YES;
				CLANG_WARN_INFINITE_RECURSION = YES;
				CLANG_WARN_INT_CONVERSION = YES;
				CLANG_WARN_NON_LITERAL_NULL_CONVERSION = YES;
				CLANG_WARN_OBJC_IMPLICIT_RETAIN_SELF = YES;
				CLANG_WARN_OBJC_LITERAL_CONVERSION = YES;
				CLANG_WARN_OBJC_ROOT_CLASS = YES_ERROR;
				CLANG_WARN_QUOTED_INCLUDE_IN_FRAMEWORK_HEADER = YES;
				CLANG_WARN_RANGE_LOOP_ANALYSIS = YES;
				CLANG_WARN_STRICT_PROTOTYPES = YES;
				CLANG_WARN_SUSPICIOUS_MOVE = YES;
				CLANG_WARN_UNGUARDED_AVAILABILITY = YES_AGGRESSIVE;
				CLANG_WARN_UNREACHABLE_CODE = YES;
				CLANG_WARN__DUPLICATE_METHOD_MATCH = YES;
				COPY_PHASE_STRIP = NO;
				DEBUG_INFORMATION_FORMAT = "dwarf-with-dsym";
				ENABLE_NS_ASSERTIONS = NO;
				ENABLE_STRICT_OBJC_MSGSEND = YES;
				GCC_C_LANGUAGE_STANDARD = gnu11;
				GCC_NO_COMMON_BLOCKS = YES;
				GCC_WARN_64_TO_32_BIT_CONVERSION = YES;
				GCC_WARN_ABOUT_RETURN_TYPE = YES_ERROR;
				GCC_WARN_UNDECLARED_SELECTOR = YES;
				GCC_WARN_UNINITIALIZED_AUTOS = YES_AGGRESSIVE;
				GCC_WARN_UNUSED_FUNCTION = YES;
				GCC_WARN_UNUSED_VARIABLE = YES;
				IPHONEOS_DEPLOYMENT_TARGET = 13.0;
				MTL_ENABLE_DEBUG_INFO = NO;
				MTL_FAST_MATH = YES;
				SDKROOT = iphoneos;
				SWIFT_COMPILATION_MODE = wholemodule;
				SWIFT_OPTIMIZATION_LEVEL = "-O";
				VALIDATE_PRODUCT = YES;
			};
			name = Release;
		};
		E40D47352739463500020D3D /* Debug */ = {
			isa = XCBuildConfiguration;
			buildSettings = {
				ASSETCATALOG_COMPILER_APPICON_NAME = AppIcon;
				ASSETCATALOG_COMPILER_GLOBAL_ACCENT_COLOR_NAME = AccentColor;
				CODE_SIGN_STYLE = Automatic;
				CURRENT_PROJECT_VERSION = 1;
				DEVELOPMENT_TEAM = J3L38PYNZQ;
				GENERATE_INFOPLIST_FILE = YES;
				INFOPLIST_FILE = Memo_Basic/Info.plist;
				INFOPLIST_KEY_CFBundleDisplayName = "메모";
				INFOPLIST_KEY_UIApplicationSupportsIndirectInputEvents = YES;
				INFOPLIST_KEY_UILaunchStoryboardName = LaunchScreen;
				INFOPLIST_KEY_UIMainStoryboardFile = Main;
				INFOPLIST_KEY_UISupportedInterfaceOrientations_iPad = "UIInterfaceOrientationPortrait UIInterfaceOrientationPortraitUpsideDown UIInterfaceOrientationLandscapeLeft UIInterfaceOrientationLandscapeRight";
				INFOPLIST_KEY_UISupportedInterfaceOrientations_iPhone = "UIInterfaceOrientationPortrait UIInterfaceOrientationLandscapeLeft UIInterfaceOrientationLandscapeRight";
				LD_RUNPATH_SEARCH_PATHS = (
					"$(inherited)",
					"@executable_path/Frameworks",
				);
				MARKETING_VERSION = 1.0;
				PRODUCT_BUNDLE_IDENTIFIER = "kwanghochoi2-com.naver.blog.Memo-Basic";
				PRODUCT_NAME = "$(TARGET_NAME)";
				SWIFT_EMIT_LOC_STRINGS = YES;
				SWIFT_VERSION = 5.0;
				TARGETED_DEVICE_FAMILY = "1,2";
			};
			name = Debug;
		};
		E40D47362739463500020D3D /* Release */ = {
			isa = XCBuildConfiguration;
			buildSettings = {
				ASSETCATALOG_COMPILER_APPICON_NAME = AppIcon;
				ASSETCATALOG_COMPILER_GLOBAL_ACCENT_COLOR_NAME = AccentColor;
				CODE_SIGN_STYLE = Automatic;
				CURRENT_PROJECT_VERSION = 1;
				DEVELOPMENT_TEAM = J3L38PYNZQ;
				GENERATE_INFOPLIST_FILE = YES;
				INFOPLIST_FILE = Memo_Basic/Info.plist;
				INFOPLIST_KEY_CFBundleDisplayName = "메모";
				INFOPLIST_KEY_UIApplicationSupportsIndirectInputEvents = YES;
				INFOPLIST_KEY_UILaunchStoryboardName = LaunchScreen;
				INFOPLIST_KEY_UIMainStoryboardFile = Main;
				INFOPLIST_KEY_UISupportedInterfaceOrientations_iPad = "UIInterfaceOrientationPortrait UIInterfaceOrientationPortraitUpsideDown UIInterfaceOrientationLandscapeLeft UIInterfaceOrientationLandscapeRight";
				INFOPLIST_KEY_UISupportedInterfaceOrientations_iPhone = "UIInterfaceOrientationPortrait UIInterfaceOrientationLandscapeLeft UIInterfaceOrientationLandscapeRight";
				LD_RUNPATH_SEARCH_PATHS = (
					"$(inherited)",
					"@executable_path/Frameworks",
				);
				MARKETING_VERSION = 1.0;
				PRODUCT_BUNDLE_IDENTIFIER = "kwanghochoi2-com.naver.blog.Memo-Basic";
				PRODUCT_NAME = "$(TARGET_NAME)";
				SWIFT_EMIT_LOC_STRINGS = YES;
				SWIFT_VERSION = 5.0;
				TARGETED_DEVICE_FAMILY = "1,2";
			};
			name = Release;
		};
/* End XCBuildConfiguration section */

/* Begin XCConfigurationList section */
		E40D471B2739463400020D3D /* Build configuration list for PBXProject "Memo_Basic" */ = {
			isa = XCConfigurationList;
			buildConfigurations = (
				E40D47322739463500020D3D /* Debug */,
				E40D47332739463500020D3D /* Release */,
			);
			defaultConfigurationIsVisible = 0;
			defaultConfigurationName = Release;
		};
		E40D47342739463500020D3D /* Build configuration list for PBXNativeTarget "Memo_Basic" */ = {
			isa = XCConfigurationList;
			buildConfigurations = (
				E40D47352739463500020D3D /* Debug */,
				E40D47362739463500020D3D /* Release */,
			);
			defaultConfigurationIsVisible = 0;
			defaultConfigurationName = Release;
		};
/* End XCConfigurationList section */

/* Begin XCRemoteSwiftPackageReference section */
		E40D4737273946B600020D3D /* XCRemoteSwiftPackageReference "IQKeyboardManager" */ = {
			isa = XCRemoteSwiftPackageReference;
			repositoryURL = "https://github.com/hackiftekhar/IQKeyboardManager.git";
			requirement = {
				kind = upToNextMajorVersion;
				minimumVersion = 6.0.0;
			};
		};
		E40D473A2739471400020D3D /* XCRemoteSwiftPackageReference "realm-cocoa" */ = {
			isa = XCRemoteSwiftPackageReference;
			repositoryURL = "https://github.com/realm/realm-cocoa.git";
			requirement = {
				kind = upToNextMajorVersion;
				minimumVersion = 10.18.0;
			};
		};
/* End XCRemoteSwiftPackageReference section */

/* Begin XCSwiftPackageProductDependency section */
		E40D4738273946B600020D3D /* IQKeyboardManagerSwift */ = {
			isa = XCSwiftPackageProductDependency;
			package = E40D4737273946B600020D3D /* XCRemoteSwiftPackageReference "IQKeyboardManager" */;
			productName = IQKeyboardManagerSwift;
		};
		E40D473B2739471400020D3D /* Realm */ = {
			isa = XCSwiftPackageProductDependency;
			package = E40D473A2739471400020D3D /* XCRemoteSwiftPackageReference "realm-cocoa" */;
			productName = Realm;
		};
		E40D473D2739471400020D3D /* RealmSwift */ = {
			isa = XCSwiftPackageProductDependency;
			package = E40D473A2739471400020D3D /* XCRemoteSwiftPackageReference "realm-cocoa" */;
			productName = RealmSwift;
		};
/* End XCSwiftPackageProductDependency section */
	};
	rootObject = E40D47182739463400020D3D /* Project object */;
}
